# This file is automatically @generated by Cargo.
# It is not intended for manual editing.
version = 4

[[package]]
name = "curio-cli"
version = "0.1.0"
dependencies = [
 "curio-core",
]

[[package]]
name = "curio-core"
version = "0.1.0"
dependencies = [
 "curio-types",
]

[[package]]
name = "curio-types"
version = "0.1.0"

[[package]]
name = "xtask"
version = "0.1.0"
